
Microsoft Visual Studio Solution File, Format Version 12.00
# Visual Studio Version 17
VisualStudioVersion = 17.0.31903.59
MinimumVisualStudioVersion = 10.0.40219.1
Project("{FAE04EC0-301F-11D3-BF4B-00C04F79EFBC}") = "UI", "UI\UI.csproj", "{44305163-60D2-4CA5-A76C-9D8553F15CBE}"
EndProject
Project("{FAE04EC0-301F-11D3-BF4B-00C04F79EFBC}") = "Logic", "Logic\Logic.csproj", "{FA266C48-4002-43F9-93DD-095794EEC182}"
EndProject
Project("{FAE04EC0-301F-11D3-BF4B-00C04F79EFBC}") = "Tests", "Tests\Tests.csproj", "{A34C90EA-38BF-4843-989A-8D225413BA0E}"
EndProject
Project("{FAE04EC0-301F-11D3-BF4B-00C04F79EFBC}") = "Persistence", "Persistence\Persistence.csproj", "{9EF8FAF4-613C-4C39-9F35-E71C3F54C738}"
EndProject
Global
	GlobalSection(SolutionConfigurationPlatforms) = preSolution
		Debug|Any CPU = Debug|Any CPU
		Release|Any CPU = Release|Any CPU
	EndGlobalSection
	GlobalSection(SolutionProperties) = preSolution
		HideSolutionNode = FALSE
	EndGlobalSection
	GlobalSection(ProjectConfigurationPlatforms) = postSolution
		{44305163-60D2-4CA5-A76C-9D8553F15CBE}.Debug|Any CPU.ActiveCfg = Debug|Any CPU
		{44305163-60D2-4CA5-A76C-9D8553F15CBE}.Debug|Any CPU.Build.0 = Debug|Any CPU
		{44305163-60D2-4CA5-A76C-9D8553F15CBE}.Release|Any CPU.ActiveCfg = Release|Any CPU
		{44305163-60D2-4CA5-A76C-9D8553F15CBE}.Release|Any CPU.Build.0 = Release|Any CPU
		{FA266C48-4002-43F9-93DD-095794EEC182}.Debug|Any CPU.ActiveCfg = Debug|Any CPU
		{FA266C48-4002-43F9-93DD-095794EEC182}.Debug|Any CPU.Build.0 = Debug|Any CPU
		{FA266C48-4002-43F9-93DD-095794EEC182}.Release|Any CPU.ActiveCfg = Release|Any CPU
		{FA266C48-4002-43F9-93DD-095794EEC182}.Release|Any CPU.Build.0 = Release|Any CPU
		{A34C90EA-38BF-4843-989A-8D225413BA0E}.Debug|Any CPU.ActiveCfg = Debug|Any CPU
		{A34C90EA-38BF-4843-989A-8D225413BA0E}.Debug|Any CPU.Build.0 = Debug|Any CPU
		{A34C90EA-38BF-4843-989A-8D225413BA0E}.Release|Any CPU.ActiveCfg = Release|Any CPU
		{A34C90EA-38BF-4843-989A-8D225413BA0E}.Release|Any CPU.Build.0 = Release|Any CPU
		{9EF8FAF4-613C-4C39-9F35-E71C3F54C738}.Debug|Any CPU.ActiveCfg = Debug|Any CPU
		{9EF8FAF4-613C-4C39-9F35-E71C3F54C738}.Debug|Any CPU.Build.0 = Debug|Any CPU
		{9EF8FAF4-613C-4C39-9F35-E71C3F54C738}.Release|Any CPU.ActiveCfg = Release|Any CPU
		{9EF8FAF4-613C-4C39-9F35-E71C3F54C738}.Release|Any CPU.Build.0 = Release|Any CPU
	EndGlobalSection
EndGlobal
